// !$*UTF8*$!
{
	archiveVersion = 1;
	classes = {
	};
	objectVersion = 50;
	objects = {

/* Begin PBXBuildFile section */
		38BD213422D5907F00C6795D /* AppDelegate.swift in Sources */ = {isa = PBXBuildFile; fileRef = 38BD213322D5907F00C6795D /* AppDelegate.swift */; };
		38BD213622D5907F00C6795D /* ViewController.swift in Sources */ = {isa = PBXBuildFile; fileRef = 38BD213522D5907F00C6795D /* ViewController.swift */; };
		38BD213922D5907F00C6795D /* AppScreen.storyboard in Resources */ = {isa = PBXBuildFile; fileRef = 38BD213722D5907F00C6795D /* AppScreen.storyboard */; };
		38BD213E22D5908100C6795D /* Assets.xcassets in Resources */ = {isa = PBXBuildFile; fileRef = 38BD213D22D5908100C6795D /* Assets.xcassets */; };
		38BD214122D5908100C6795D /* LaunchScreen.storyboard in Resources */ = {isa = PBXBuildFile; fileRef = 38BD213F22D5908100C6795D /* LaunchScreen.storyboard */; };
		38BD214F22D592CA00C6795D /* GermanKeyboardViewController.swift in Sources */ = {isa = PBXBuildFile; fileRef = 38BD214E22D592CA00C6795D /* GermanKeyboardViewController.swift */; };
		38BD215322D592CA00C6795D /* German.appex in Embed App Extensions */ = {isa = PBXBuildFile; fileRef = 38BD214C22D592CA00C6795D /* German.appex */; settings = {ATTRIBUTES = (RemoveHeadersOnCopy, ); }; };
		38DD94F122D6A40000FF8845 /* KeyboardExtensions.swift in Sources */ = {isa = PBXBuildFile; fileRef = 38DD94F022D6A40000FF8845 /* KeyboardExtensions.swift */; };
		D10182122728275B0032A82D /* nouns.json in Resources */ = {isa = PBXBuildFile; fileRef = D101820F2728275B0032A82D /* nouns.json */; };
		D10182132728275B0032A82D /* verbs.json in Resources */ = {isa = PBXBuildFile; fileRef = D10182102728275B0032A82D /* verbs.json */; };
		D101821D2728291B0032A82D /* nouns.json in Resources */ = {isa = PBXBuildFile; fileRef = D101821A2728291B0032A82D /* nouns.json */; };
		D1018220272829E70032A82D /* verbs.json in Resources */ = {isa = PBXBuildFile; fileRef = D101821B2728291B0032A82D /* verbs.json */; };
		D103B183273C2A1400B97121 /* ScribeBtn.png in Resources */ = {isa = PBXBuildFile; fileRef = D103B182273C2A1400B97121 /* ScribeBtn.png */; };
		D11E3B6927299C6F00FBE62C /* translations.json in Resources */ = {isa = PBXBuildFile; fileRef = D11E3B6827299C6F00FBE62C /* translations.json */; };
		D11E3B6B27299C8000FBE62C /* translations.json in Resources */ = {isa = PBXBuildFile; fileRef = D11E3B6A27299C8000FBE62C /* translations.json */; };
		D130AC5A27495EF6001A3B12 /* prepositionsQueried.json in Resources */ = {isa = PBXBuildFile; fileRef = D130AC4F27495EF6001A3B12 /* prepositionsQueried.json */; };
		D130AC5B27495EF6001A3B12 /* queryPrepositions.sparql in Resources */ = {isa = PBXBuildFile; fileRef = D130AC5027495EF6001A3B12 /* queryPrepositions.sparql */; };
		D130AC5C27495EF6001A3B12 /* queryNouns.sparql in Resources */ = {isa = PBXBuildFile; fileRef = D130AC5227495EF6001A3B12 /* queryNouns.sparql */; };
		D130AC5D27495EF6001A3B12 /* nounsQueried.json in Resources */ = {isa = PBXBuildFile; fileRef = D130AC5327495EF6001A3B12 /* nounsQueried.json */; };
		D130AC5E27495EF6001A3B12 /* verbsQueried.json in Resources */ = {isa = PBXBuildFile; fileRef = D130AC5527495EF6001A3B12 /* verbsQueried.json */; };
		D130AC5F27495EF6001A3B12 /* queryVerbs.sparql in Resources */ = {isa = PBXBuildFile; fileRef = D130AC5627495EF6001A3B12 /* queryVerbs.sparql */; };
		D130AC6027495EF6001A3B12 /* queryTranslations.sparql in Resources */ = {isa = PBXBuildFile; fileRef = D130AC5827495EF6001A3B12 /* queryTranslations.sparql */; };
		D130AC6127495EF6001A3B12 /* translationsQueried.json in Resources */ = {isa = PBXBuildFile; fileRef = D130AC5927495EF6001A3B12 /* translationsQueried.json */; };
		D130AC6E27495F22001A3B12 /* noun_plural_demo.gif in Resources */ = {isa = PBXBuildFile; fileRef = D130AC6327495F22001A3B12 /* noun_plural_demo.gif */; };
		D130AC6F27495F22001A3B12 /* noun_plural_demo.mp4 in Resources */ = {isa = PBXBuildFile; fileRef = D130AC6527495F22001A3B12 /* noun_plural_demo.mp4 */; };
		D130AC7027495F22001A3B12 /* translation_demo.mp4 in Resources */ = {isa = PBXBuildFile; fileRef = D130AC6627495F22001A3B12 /* translation_demo.mp4 */; };
		D130AC7127495F22001A3B12 /* preposition_annotation_demo.mp4 in Resources */ = {isa = PBXBuildFile; fileRef = D130AC6727495F22001A3B12 /* preposition_annotation_demo.mp4 */; };
		D130AC7227495F22001A3B12 /* noun_annotation_demo.mp4 in Resources */ = {isa = PBXBuildFile; fileRef = D130AC6827495F22001A3B12 /* noun_annotation_demo.mp4 */; };
		D130AC7327495F22001A3B12 /* conjugation_demo.mp4 in Resources */ = {isa = PBXBuildFile; fileRef = D130AC6927495F22001A3B12 /* conjugation_demo.mp4 */; };
		D130AC7427495F22001A3B12 /* conjugation_demo.gif in Resources */ = {isa = PBXBuildFile; fileRef = D130AC6A27495F22001A3B12 /* conjugation_demo.gif */; };
		D130AC7527495F22001A3B12 /* translation_demo.gif in Resources */ = {isa = PBXBuildFile; fileRef = D130AC6B27495F22001A3B12 /* translation_demo.gif */; };
		D130AC7627495F22001A3B12 /* preposition_annotation_demo.gif in Resources */ = {isa = PBXBuildFile; fileRef = D130AC6C27495F22001A3B12 /* preposition_annotation_demo.gif */; };
		D130AC7727495F22001A3B12 /* noun_annotation_demo.gif in Resources */ = {isa = PBXBuildFile; fileRef = D130AC6D27495F22001A3B12 /* noun_annotation_demo.gif */; };
		D1608668270B6D3C00134D48 /* SpanishKeyboardViewController.swift in Sources */ = {isa = PBXBuildFile; fileRef = D1608667270B6D3C00134D48 /* SpanishKeyboardViewController.swift */; };
		D160866C270B6D3C00134D48 /* Spanish.appex in Embed App Extensions */ = {isa = PBXBuildFile; fileRef = D1608665270B6D3C00134D48 /* Spanish.appex */; settings = {ATTRIBUTES = (RemoveHeadersOnCopy, ); }; };
		D190B242274056D400705659 /* ColorVariables.swift in Sources */ = {isa = PBXBuildFile; fileRef = D190B240274056D400705659 /* ColorVariables.swift */; };
		D190B243274056D400705659 /* ColorVariables.swift in Sources */ = {isa = PBXBuildFile; fileRef = D190B240274056D400705659 /* ColorVariables.swift */; };
		D190B2442740576600705659 /* KeyboardExtensions.swift in Sources */ = {isa = PBXBuildFile; fileRef = 38DD94F022D6A40000FF8845 /* KeyboardExtensions.swift */; };
		D190B2472741B24F00705659 /* CommandVariables.swift in Sources */ = {isa = PBXBuildFile; fileRef = D190B2462741B24F00705659 /* CommandVariables.swift */; };
		D190B2482741B24F00705659 /* CommandVariables.swift in Sources */ = {isa = PBXBuildFile; fileRef = D190B2462741B24F00705659 /* CommandVariables.swift */; };
		D190B24A2741B31F00705659 /* InterfaceVariables.swift in Sources */ = {isa = PBXBuildFile; fileRef = D190B2492741B31F00705659 /* InterfaceVariables.swift */; };
		D190B24B2741B31F00705659 /* InterfaceVariables.swift in Sources */ = {isa = PBXBuildFile; fileRef = D190B2492741B31F00705659 /* InterfaceVariables.swift */; };
		D190B24E2741B61000705659 /* LoadData.swift in Sources */ = {isa = PBXBuildFile; fileRef = D190B24D2741B61000705659 /* LoadData.swift */; };
		D190B24F2741B61000705659 /* LoadData.swift in Sources */ = {isa = PBXBuildFile; fileRef = D190B24D2741B61000705659 /* LoadData.swift */; };
		D190B25627424F4A00705659 /* ScribeBtn.png in Resources */ = {isa = PBXBuildFile; fileRef = D103B182273C2A1400B97121 /* ScribeBtn.png */; };
		D190B2582742525C00705659 /* Keyboard.xib in Resources */ = {isa = PBXBuildFile; fileRef = D1C0ACD92719E0AA001E11C3 /* Keyboard.xib */; };
		D190B26827426ACD00705659 /* KeyboardViewController.swift in Sources */ = {isa = PBXBuildFile; fileRef = D190B2592742565500705659 /* KeyboardViewController.swift */; };
		D190B26927426ACD00705659 /* KeyboardViewController.swift in Sources */ = {isa = PBXBuildFile; fileRef = D190B2592742565500705659 /* KeyboardViewController.swift */; };
		D19474C42740295300AF6EA5 /* prepositions.json in Resources */ = {isa = PBXBuildFile; fileRef = D19474C32740295300AF6EA5 /* prepositions.json */; };
		D1C0ACDA2719E0AA001E11C3 /* Keyboard.xib in Resources */ = {isa = PBXBuildFile; fileRef = D1C0ACD92719E0AA001E11C3 /* Keyboard.xib */; };
		D1EC6DA92745C029003C2C04 /* ScribeBtn.png in Resources */ = {isa = PBXBuildFile; fileRef = D103B182273C2A1400B97121 /* ScribeBtn.png */; };
/* End PBXBuildFile section */

/* Begin PBXContainerItemProxy section */
		38BD215122D592CA00C6795D /* PBXContainerItemProxy */ = {
			isa = PBXContainerItemProxy;
			containerPortal = 38BD212822D5907E00C6795D /* Project object */;
			proxyType = 1;
			remoteGlobalIDString = 38BD214B22D592CA00C6795D;
			remoteInfo = typEmoji;
		};
		D160866A270B6D3C00134D48 /* PBXContainerItemProxy */ = {
			isa = PBXContainerItemProxy;
			containerPortal = 38BD212822D5907E00C6795D /* Project object */;
			proxyType = 1;
			remoteGlobalIDString = D1608664270B6D3C00134D48;
			remoteInfo = CustomKeyboard2Extension;
		};
/* End PBXContainerItemProxy section */

/* Begin PBXCopyFilesBuildPhase section */
		38BD215722D592CA00C6795D /* Embed App Extensions */ = {
			isa = PBXCopyFilesBuildPhase;
			buildActionMask = 2147483647;
			dstPath = "";
			dstSubfolderSpec = 13;
			files = (
				38BD215322D592CA00C6795D /* German.appex in Embed App Extensions */,
				D160866C270B6D3C00134D48 /* Spanish.appex in Embed App Extensions */,
			);
			name = "Embed App Extensions";
			runOnlyForDeploymentPostprocessing = 0;
		};
/* End PBXCopyFilesBuildPhase section */

/* Begin PBXFileReference section */
		38BD213022D5907E00C6795D /* Scribe.app */ = {isa = PBXFileReference; explicitFileType = wrapper.application; includeInIndex = 0; path = Scribe.app; sourceTree = BUILT_PRODUCTS_DIR; };
		38BD213322D5907F00C6795D /* AppDelegate.swift */ = {isa = PBXFileReference; lastKnownFileType = sourcecode.swift; path = AppDelegate.swift; sourceTree = "<group>"; };
		38BD213522D5907F00C6795D /* ViewController.swift */ = {isa = PBXFileReference; lastKnownFileType = sourcecode.swift; path = ViewController.swift; sourceTree = "<group>"; };
		38BD213822D5907F00C6795D /* Base */ = {isa = PBXFileReference; lastKnownFileType = file.storyboard; name = Base; path = Base.lproj/AppScreen.storyboard; sourceTree = "<group>"; };
		38BD213D22D5908100C6795D /* Assets.xcassets */ = {isa = PBXFileReference; lastKnownFileType = folder.assetcatalog; path = Assets.xcassets; sourceTree = "<group>"; };
		38BD214022D5908100C6795D /* Base */ = {isa = PBXFileReference; lastKnownFileType = file.storyboard; name = Base; path = Base.lproj/LaunchScreen.storyboard; sourceTree = "<group>"; };
		38BD214222D5908100C6795D /* Info.plist */ = {isa = PBXFileReference; lastKnownFileType = text.plist.xml; path = Info.plist; sourceTree = "<group>"; };
		38BD214C22D592CA00C6795D /* German.appex */ = {isa = PBXFileReference; explicitFileType = "wrapper.app-extension"; includeInIndex = 0; path = German.appex; sourceTree = BUILT_PRODUCTS_DIR; };
		38BD214E22D592CA00C6795D /* GermanKeyboardViewController.swift */ = {isa = PBXFileReference; lastKnownFileType = sourcecode.swift; path = GermanKeyboardViewController.swift; sourceTree = "<group>"; };
		38BD215022D592CA00C6795D /* Info.plist */ = {isa = PBXFileReference; lastKnownFileType = text.plist.xml; path = Info.plist; sourceTree = "<group>"; };
		38DD94F022D6A40000FF8845 /* KeyboardExtensions.swift */ = {isa = PBXFileReference; lastKnownFileType = sourcecode.swift; path = KeyboardExtensions.swift; sourceTree = "<group>"; };
		D101820F2728275B0032A82D /* nouns.json */ = {isa = PBXFileReference; fileEncoding = 4; lastKnownFileType = text.json; path = nouns.json; sourceTree = "<group>"; };
		D10182102728275B0032A82D /* verbs.json */ = {isa = PBXFileReference; fileEncoding = 4; lastKnownFileType = text.json; path = verbs.json; sourceTree = "<group>"; };
		D101821A2728291B0032A82D /* nouns.json */ = {isa = PBXFileReference; fileEncoding = 4; lastKnownFileType = text.json; path = nouns.json; sourceTree = "<group>"; };
		D101821B2728291B0032A82D /* verbs.json */ = {isa = PBXFileReference; fileEncoding = 4; lastKnownFileType = text.json; path = verbs.json; sourceTree = "<group>"; };
		D103B182273C2A1400B97121 /* ScribeBtn.png */ = {isa = PBXFileReference; lastKnownFileType = image.png; path = ScribeBtn.png; sourceTree = "<group>"; };
		D11E3B6827299C6F00FBE62C /* translations.json */ = {isa = PBXFileReference; fileEncoding = 4; lastKnownFileType = text.json; path = translations.json; sourceTree = "<group>"; };
		D11E3B6A27299C8000FBE62C /* translations.json */ = {isa = PBXFileReference; fileEncoding = 4; lastKnownFileType = text.json; path = translations.json; sourceTree = "<group>"; };
		D130AC4F27495EF6001A3B12 /* prepositionsQueried.json */ = {isa = PBXFileReference; fileEncoding = 4; lastKnownFileType = text.json; path = prepositionsQueried.json; sourceTree = "<group>"; };
		D130AC5027495EF6001A3B12 /* queryPrepositions.sparql */ = {isa = PBXFileReference; fileEncoding = 4; lastKnownFileType = text; path = queryPrepositions.sparql; sourceTree = "<group>"; };
		D130AC5227495EF6001A3B12 /* queryNouns.sparql */ = {isa = PBXFileReference; fileEncoding = 4; lastKnownFileType = text; path = queryNouns.sparql; sourceTree = "<group>"; };
		D130AC5327495EF6001A3B12 /* nounsQueried.json */ = {isa = PBXFileReference; fileEncoding = 4; lastKnownFileType = text.json; path = nounsQueried.json; sourceTree = "<group>"; };
		D130AC5527495EF6001A3B12 /* verbsQueried.json */ = {isa = PBXFileReference; fileEncoding = 4; lastKnownFileType = text.json; path = verbsQueried.json; sourceTree = "<group>"; };
		D130AC5627495EF6001A3B12 /* queryVerbs.sparql */ = {isa = PBXFileReference; fileEncoding = 4; lastKnownFileType = text; path = queryVerbs.sparql; sourceTree = "<group>"; };
		D130AC5827495EF6001A3B12 /* queryTranslations.sparql */ = {isa = PBXFileReference; fileEncoding = 4; lastKnownFileType = text; path = queryTranslations.sparql; sourceTree = "<group>"; };
		D130AC5927495EF6001A3B12 /* translationsQueried.json */ = {isa = PBXFileReference; fileEncoding = 4; lastKnownFileType = text.json; path = translationsQueried.json; sourceTree = "<group>"; };
		D130AC6327495F22001A3B12 /* noun_plural_demo.gif */ = {isa = PBXFileReference; lastKnownFileType = image.gif; path = noun_plural_demo.gif; sourceTree = "<group>"; };
		D130AC6527495F22001A3B12 /* noun_plural_demo.mp4 */ = {isa = PBXFileReference; lastKnownFileType = file; path = noun_plural_demo.mp4; sourceTree = "<group>"; };
		D130AC6627495F22001A3B12 /* translation_demo.mp4 */ = {isa = PBXFileReference; lastKnownFileType = file; path = translation_demo.mp4; sourceTree = "<group>"; };
		D130AC6727495F22001A3B12 /* preposition_annotation_demo.mp4 */ = {isa = PBXFileReference; lastKnownFileType = file; path = preposition_annotation_demo.mp4; sourceTree = "<group>"; };
		D130AC6827495F22001A3B12 /* noun_annotation_demo.mp4 */ = {isa = PBXFileReference; lastKnownFileType = file; path = noun_annotation_demo.mp4; sourceTree = "<group>"; };
		D130AC6927495F22001A3B12 /* conjugation_demo.mp4 */ = {isa = PBXFileReference; lastKnownFileType = file; path = conjugation_demo.mp4; sourceTree = "<group>"; };
		D130AC6A27495F22001A3B12 /* conjugation_demo.gif */ = {isa = PBXFileReference; lastKnownFileType = image.gif; path = conjugation_demo.gif; sourceTree = "<group>"; };
		D130AC6B27495F22001A3B12 /* translation_demo.gif */ = {isa = PBXFileReference; lastKnownFileType = image.gif; path = translation_demo.gif; sourceTree = "<group>"; };
		D130AC6C27495F22001A3B12 /* preposition_annotation_demo.gif */ = {isa = PBXFileReference; lastKnownFileType = image.gif; path = preposition_annotation_demo.gif; sourceTree = "<group>"; };
		D130AC6D27495F22001A3B12 /* noun_annotation_demo.gif */ = {isa = PBXFileReference; lastKnownFileType = image.gif; path = noun_annotation_demo.gif; sourceTree = "<group>"; };
		D1608665270B6D3C00134D48 /* Spanish.appex */ = {isa = PBXFileReference; explicitFileType = "wrapper.app-extension"; includeInIndex = 0; path = Spanish.appex; sourceTree = BUILT_PRODUCTS_DIR; };
		D1608667270B6D3C00134D48 /* SpanishKeyboardViewController.swift */ = {isa = PBXFileReference; lastKnownFileType = sourcecode.swift; path = SpanishKeyboardViewController.swift; sourceTree = "<group>"; };
		D1608669270B6D3C00134D48 /* Info.plist */ = {isa = PBXFileReference; lastKnownFileType = text.plist.xml; path = Info.plist; sourceTree = "<group>"; };
		D190B240274056D400705659 /* ColorVariables.swift */ = {isa = PBXFileReference; lastKnownFileType = sourcecode.swift; path = ColorVariables.swift; sourceTree = "<group>"; };
		D190B2462741B24F00705659 /* CommandVariables.swift */ = {isa = PBXFileReference; lastKnownFileType = sourcecode.swift; path = CommandVariables.swift; sourceTree = "<group>"; };
		D190B2492741B31F00705659 /* InterfaceVariables.swift */ = {isa = PBXFileReference; lastKnownFileType = sourcecode.swift; path = InterfaceVariables.swift; sourceTree = "<group>"; };
		D190B24D2741B61000705659 /* LoadData.swift */ = {isa = PBXFileReference; lastKnownFileType = sourcecode.swift; path = LoadData.swift; sourceTree = "<group>"; };
		D190B2592742565500705659 /* KeyboardViewController.swift */ = {isa = PBXFileReference; lastKnownFileType = sourcecode.swift; path = KeyboardViewController.swift; sourceTree = "<group>"; };
		D190B26D27426EEA00705659 /* format_nouns.py */ = {isa = PBXFileReference; lastKnownFileType = text.script.python; path = format_nouns.py; sourceTree = "<group>"; };
		D190B26E27426EEA00705659 /* queryNouns.sparql */ = {isa = PBXFileReference; lastKnownFileType = text; path = queryNouns.sparql; sourceTree = "<group>"; };
		D190B26F27426EEA00705659 /* nounsQueried.json */ = {isa = PBXFileReference; lastKnownFileType = text.json; path = nounsQueried.json; sourceTree = "<group>"; };
		D190B27127426EEA00705659 /* verbsQueried.json */ = {isa = PBXFileReference; lastKnownFileType = text.json; path = verbsQueried.json; sourceTree = "<group>"; };
		D190B27227426EEA00705659 /* format_verbs.py */ = {isa = PBXFileReference; lastKnownFileType = text.script.python; path = format_verbs.py; sourceTree = "<group>"; };
		D190B27327426EEA00705659 /* queryVerbs.sparql */ = {isa = PBXFileReference; lastKnownFileType = text; path = queryVerbs.sparql; sourceTree = "<group>"; };
		D190B27527426EEA00705659 /* format_translations.py */ = {isa = PBXFileReference; lastKnownFileType = text.script.python; path = format_translations.py; sourceTree = "<group>"; };
		D190B27627426EEA00705659 /* queryTranslations.sparql */ = {isa = PBXFileReference; lastKnownFileType = text; path = queryTranslations.sparql; sourceTree = "<group>"; };
		D190B27727426EEA00705659 /* translationsQueried.json */ = {isa = PBXFileReference; lastKnownFileType = text.json; path = translationsQueried.json; sourceTree = "<group>"; };
		D190B27A27426EEA00705659 /* prepositionsQueried.json */ = {isa = PBXFileReference; lastKnownFileType = text.json; path = prepositionsQueried.json; sourceTree = "<group>"; };
		D190B27B27426EEA00705659 /* queryPrepositions.sparql */ = {isa = PBXFileReference; lastKnownFileType = text; path = queryPrepositions.sparql; sourceTree = "<group>"; };
		D190B27C27426EEA00705659 /* format_prepositions.py */ = {isa = PBXFileReference; lastKnownFileType = text.script.python; path = format_prepositions.py; sourceTree = "<group>"; };
		D190B27E27426EEA00705659 /* format_nouns.py */ = {isa = PBXFileReference; lastKnownFileType = text.script.python; path = format_nouns.py; sourceTree = "<group>"; };
		D190B27F27426EEA00705659 /* queryNouns.sparql */ = {isa = PBXFileReference; lastKnownFileType = text; path = queryNouns.sparql; sourceTree = "<group>"; };
		D190B28027426EEA00705659 /* nounsQueried.json */ = {isa = PBXFileReference; lastKnownFileType = text.json; path = nounsQueried.json; sourceTree = "<group>"; };
		D190B28227426EEA00705659 /* verbsQueried.json */ = {isa = PBXFileReference; lastKnownFileType = text.json; path = verbsQueried.json; sourceTree = "<group>"; };
		D190B28327426EEA00705659 /* format_verbs.py */ = {isa = PBXFileReference; lastKnownFileType = text.script.python; path = format_verbs.py; sourceTree = "<group>"; };
		D190B28427426EEA00705659 /* queryVerbs.sparql */ = {isa = PBXFileReference; lastKnownFileType = text; path = queryVerbs.sparql; sourceTree = "<group>"; };
		D190B28627426EEA00705659 /* format_translations.py */ = {isa = PBXFileReference; lastKnownFileType = text.script.python; path = format_translations.py; sourceTree = "<group>"; };
		D190B28727426EEA00705659 /* queryTranslations.sparql */ = {isa = PBXFileReference; lastKnownFileType = text; path = queryTranslations.sparql; sourceTree = "<group>"; };
		D190B28827426EEA00705659 /* translationsQueried.json */ = {isa = PBXFileReference; lastKnownFileType = text.json; path = translationsQueried.json; sourceTree = "<group>"; };
		D190B28A27426F1F00705659 /* Scribe-iOS_logo_transparent.png */ = {isa = PBXFileReference; lastKnownFileType = image.png; path = "Scribe-iOS_logo_transparent.png"; sourceTree = "<group>"; };
		D190B28B27426F1F00705659 /* Scribe-iOS_logo.sketch */ = {isa = PBXFileReference; lastKnownFileType = file; path = "Scribe-iOS_logo.sketch"; sourceTree = "<group>"; };
		D190B28C27426F1F00705659 /* Scribe-iOS_logo.png */ = {isa = PBXFileReference; lastKnownFileType = image.png; path = "Scribe-iOS_logo.png"; sourceTree = "<group>"; };
		D190B28E27426F1F00705659 /* wikidata_logo.png */ = {isa = PBXFileReference; lastKnownFileType = image.png; path = wikidata_logo.png; sourceTree = "<group>"; };
		D190B28F27426F4900705659 /* LICENSE.txt */ = {isa = PBXFileReference; lastKnownFileType = text; path = LICENSE.txt; sourceTree = SOURCE_ROOT; };
		D190B29027426F4900705659 /* README.md */ = {isa = PBXFileReference; lastKnownFileType = net.daringfireball.markdown; path = README.md; sourceTree = SOURCE_ROOT; };
		D190B29127426F7300705659 /* environment.yml */ = {isa = PBXFileReference; lastKnownFileType = text.yaml; path = environment.yml; sourceTree = "<group>"; };
		D19474C32740295300AF6EA5 /* prepositions.json */ = {isa = PBXFileReference; fileEncoding = 4; lastKnownFileType = text.json; path = prepositions.json; sourceTree = "<group>"; };
		D1C0ACD92719E0AA001E11C3 /* Keyboard.xib */ = {isa = PBXFileReference; fileEncoding = 4; lastKnownFileType = file.xib; path = Keyboard.xib; sourceTree = "<group>"; };
/* End PBXFileReference section */

/* Begin PBXFrameworksBuildPhase section */
		38BD212D22D5907E00C6795D /* Frameworks */ = {
			isa = PBXFrameworksBuildPhase;
			buildActionMask = 2147483647;
			files = (
			);
			runOnlyForDeploymentPostprocessing = 0;
		};
		38BD214922D592CA00C6795D /* Frameworks */ = {
			isa = PBXFrameworksBuildPhase;
			buildActionMask = 2147483647;
			files = (
			);
			runOnlyForDeploymentPostprocessing = 0;
		};
		D1608662270B6D3C00134D48 /* Frameworks */ = {
			isa = PBXFrameworksBuildPhase;
			buildActionMask = 2147483647;
			files = (
			);
			runOnlyForDeploymentPostprocessing = 0;
		};
/* End PBXFrameworksBuildPhase section */

/* Begin PBXGroup section */
		38BD212722D5907E00C6795D = {
			isa = PBXGroup;
			children = (
				D190B24C2741B53C00705659 /* Data */,
				D1FECBC9270E1A1500C8BC60 /* Keyboards */,
				D190B28927426F1F00705659 /* Resources */,
				38BD213222D5907F00C6795D /* Scribe */,
				D190B28F27426F4900705659 /* LICENSE.txt */,
				D190B29027426F4900705659 /* README.md */,
				D190B29127426F7300705659 /* environment.yml */,
				38BD213122D5907E00C6795D /* Products */,
			);
			sourceTree = "<group>";
		};
		38BD213122D5907E00C6795D /* Products */ = {
			isa = PBXGroup;
			children = (
				38BD213022D5907E00C6795D /* Scribe.app */,
				38BD214C22D592CA00C6795D /* German.appex */,
				D1608665270B6D3C00134D48 /* Spanish.appex */,
			);
			name = Products;
			sourceTree = "<group>";
		};
		38BD213222D5907F00C6795D /* Scribe */ = {
			isa = PBXGroup;
			children = (
				38BD213322D5907F00C6795D /* AppDelegate.swift */,
				38BD213522D5907F00C6795D /* ViewController.swift */,
				38BD213722D5907F00C6795D /* AppScreen.storyboard */,
				38BD213F22D5908100C6795D /* LaunchScreen.storyboard */,
				38BD213D22D5908100C6795D /* Assets.xcassets */,
				38BD214222D5908100C6795D /* Info.plist */,
			);
			path = Scribe;
			sourceTree = "<group>";
		};
		38BD214D22D592CA00C6795D /* German */ = {
			isa = PBXGroup;
			children = (
				D190B25C2742582500705659 /* Data */,
				38BD214E22D592CA00C6795D /* GermanKeyboardViewController.swift */,
				38BD215022D592CA00C6795D /* Info.plist */,
			);
			path = German;
			sourceTree = "<group>";
		};
		D130AC4D27495EF6001A3B12 /* Russian */ = {
			isa = PBXGroup;
			children = (
				D130AC4E27495EF6001A3B12 /* prepositions */,
				D130AC5127495EF6001A3B12 /* nouns */,
				D130AC5427495EF6001A3B12 /* verbs */,
				D130AC5727495EF6001A3B12 /* translations */,
			);
			name = Russian;
			path = Data/Russian;
			sourceTree = SOURCE_ROOT;
		};
		D130AC4E27495EF6001A3B12 /* prepositions */ = {
			isa = PBXGroup;
			children = (
				D130AC4F27495EF6001A3B12 /* prepositionsQueried.json */,
				D130AC5027495EF6001A3B12 /* queryPrepositions.sparql */,
			);
			path = prepositions;
			sourceTree = "<group>";
		};
		D130AC5127495EF6001A3B12 /* nouns */ = {
			isa = PBXGroup;
			children = (
				D130AC5227495EF6001A3B12 /* queryNouns.sparql */,
				D130AC5327495EF6001A3B12 /* nounsQueried.json */,
			);
			path = nouns;
			sourceTree = "<group>";
		};
		D130AC5427495EF6001A3B12 /* verbs */ = {
			isa = PBXGroup;
			children = (
				D130AC5527495EF6001A3B12 /* verbsQueried.json */,
				D130AC5627495EF6001A3B12 /* queryVerbs.sparql */,
			);
			path = verbs;
			sourceTree = "<group>";
		};
		D130AC5727495EF6001A3B12 /* translations */ = {
			isa = PBXGroup;
			children = (
				D130AC5827495EF6001A3B12 /* queryTranslations.sparql */,
				D130AC5927495EF6001A3B12 /* translationsQueried.json */,
			);
			path = translations;
			sourceTree = "<group>";
		};
		D130AC6227495F22001A3B12 /* Demos */ = {
			isa = PBXGroup;
			children = (
				D130AC6427495F22001A3B12 /* OriginalRecordings */,
				D130AC6327495F22001A3B12 /* noun_plural_demo.gif */,
				D130AC6A27495F22001A3B12 /* conjugation_demo.gif */,
				D130AC6B27495F22001A3B12 /* translation_demo.gif */,
				D130AC6C27495F22001A3B12 /* preposition_annotation_demo.gif */,
				D130AC6D27495F22001A3B12 /* noun_annotation_demo.gif */,
			);
			path = Demos;
			sourceTree = "<group>";
		};
		D130AC6427495F22001A3B12 /* OriginalRecordings */ = {
			isa = PBXGroup;
			children = (
				D130AC6527495F22001A3B12 /* noun_plural_demo.mp4 */,
				D130AC6627495F22001A3B12 /* translation_demo.mp4 */,
				D130AC6727495F22001A3B12 /* preposition_annotation_demo.mp4 */,
				D130AC6827495F22001A3B12 /* noun_annotation_demo.mp4 */,
				D130AC6927495F22001A3B12 /* conjugation_demo.mp4 */,
			);
			path = OriginalRecordings;
			sourceTree = "<group>";
		};
		D1608666270B6D3C00134D48 /* Spanish */ = {
			isa = PBXGroup;
			children = (
				D190B25E27425EED00705659 /* Data */,
				D1608667270B6D3C00134D48 /* SpanishKeyboardViewController.swift */,
				D1608669270B6D3C00134D48 /* Info.plist */,
			);
			path = Spanish;
			sourceTree = "<group>";
		};
		D190B2452741B1FE00705659 /* KeyboardsBase */ = {
			isa = PBXGroup;
			children = (
				D190B25427424F2900705659 /* Images */,
				D190B240274056D400705659 /* ColorVariables.swift */,
				D190B2462741B24F00705659 /* CommandVariables.swift */,
				D190B2492741B31F00705659 /* InterfaceVariables.swift */,
				38DD94F022D6A40000FF8845 /* KeyboardExtensions.swift */,
				D190B2592742565500705659 /* KeyboardViewController.swift */,
				D1C0ACD92719E0AA001E11C3 /* Keyboard.xib */,
			);
			path = KeyboardsBase;
			sourceTree = "<group>";
		};
		D190B24C2741B53C00705659 /* Data */ = {
			isa = PBXGroup;
			children = (
				D190B27827426EEA00705659 /* German */,
				D130AC4D27495EF6001A3B12 /* Russian */,
				D190B26B27426EEA00705659 /* Spanish */,
				D190B24D2741B61000705659 /* LoadData.swift */,
			);
			path = Data;
			sourceTree = "<group>";
		};
		D190B25427424F2900705659 /* Images */ = {
			isa = PBXGroup;
			children = (
				D103B182273C2A1400B97121 /* ScribeBtn.png */,
			);
			path = Images;
			sourceTree = "<group>";
		};
		D190B25C2742582500705659 /* Data */ = {
			isa = PBXGroup;
			children = (
				D101821A2728291B0032A82D /* nouns.json */,
				D101821B2728291B0032A82D /* verbs.json */,
				D11E3B6827299C6F00FBE62C /* translations.json */,
				D19474C32740295300AF6EA5 /* prepositions.json */,
			);
			path = Data;
			sourceTree = "<group>";
		};
		D190B25E27425EED00705659 /* Data */ = {
			isa = PBXGroup;
			children = (
				D101820F2728275B0032A82D /* nouns.json */,
				D10182102728275B0032A82D /* verbs.json */,
				D11E3B6A27299C8000FBE62C /* translations.json */,
			);
			path = Data;
			sourceTree = "<group>";
		};
		D190B26B27426EEA00705659 /* Spanish */ = {
			isa = PBXGroup;
			children = (
				D190B26C27426EEA00705659 /* nouns */,
				D190B27027426EEA00705659 /* verbs */,
				D190B27427426EEA00705659 /* translations */,
			);
			path = Spanish;
			sourceTree = "<group>";
		};
		D190B26C27426EEA00705659 /* nouns */ = {
			isa = PBXGroup;
			children = (
				D190B26D27426EEA00705659 /* format_nouns.py */,
				D190B26E27426EEA00705659 /* queryNouns.sparql */,
				D190B26F27426EEA00705659 /* nounsQueried.json */,
			);
			path = nouns;
			sourceTree = "<group>";
		};
		D190B27027426EEA00705659 /* verbs */ = {
			isa = PBXGroup;
			children = (
				D190B27127426EEA00705659 /* verbsQueried.json */,
				D190B27227426EEA00705659 /* format_verbs.py */,
				D190B27327426EEA00705659 /* queryVerbs.sparql */,
			);
			path = verbs;
			sourceTree = "<group>";
		};
		D190B27427426EEA00705659 /* translations */ = {
			isa = PBXGroup;
			children = (
				D190B27527426EEA00705659 /* format_translations.py */,
				D190B27627426EEA00705659 /* queryTranslations.sparql */,
				D190B27727426EEA00705659 /* translationsQueried.json */,
			);
			path = translations;
			sourceTree = "<group>";
		};
		D190B27827426EEA00705659 /* German */ = {
			isa = PBXGroup;
			children = (
				D190B27927426EEA00705659 /* prepositions */,
				D190B27D27426EEA00705659 /* nouns */,
				D190B28127426EEA00705659 /* verbs */,
				D190B28527426EEA00705659 /* translations */,
			);
			path = German;
			sourceTree = "<group>";
		};
		D190B27927426EEA00705659 /* prepositions */ = {
			isa = PBXGroup;
			children = (
				D190B27A27426EEA00705659 /* prepositionsQueried.json */,
				D190B27B27426EEA00705659 /* queryPrepositions.sparql */,
				D190B27C27426EEA00705659 /* format_prepositions.py */,
			);
			path = prepositions;
			sourceTree = "<group>";
		};
		D190B27D27426EEA00705659 /* nouns */ = {
			isa = PBXGroup;
			children = (
				D190B27E27426EEA00705659 /* format_nouns.py */,
				D190B27F27426EEA00705659 /* queryNouns.sparql */,
				D190B28027426EEA00705659 /* nounsQueried.json */,
			);
			path = nouns;
			sourceTree = "<group>";
		};
		D190B28127426EEA00705659 /* verbs */ = {
			isa = PBXGroup;
			children = (
				D190B28227426EEA00705659 /* verbsQueried.json */,
				D190B28327426EEA00705659 /* format_verbs.py */,
				D190B28427426EEA00705659 /* queryVerbs.sparql */,
			);
			path = verbs;
			sourceTree = "<group>";
		};
		D190B28527426EEA00705659 /* translations */ = {
			isa = PBXGroup;
			children = (
				D190B28627426EEA00705659 /* format_translations.py */,
				D190B28727426EEA00705659 /* queryTranslations.sparql */,
				D190B28827426EEA00705659 /* translationsQueried.json */,
			);
			path = translations;
			sourceTree = "<group>";
		};
		D190B28927426F1F00705659 /* Resources */ = {
			isa = PBXGroup;
			children = (
				D130AC6227495F22001A3B12 /* Demos */,
				D190B28D27426F1F00705659 /* gh_images */,
				D190B28A27426F1F00705659 /* Scribe-iOS_logo_transparent.png */,
				D190B28B27426F1F00705659 /* Scribe-iOS_logo.sketch */,
				D190B28C27426F1F00705659 /* Scribe-iOS_logo.png */,
			);
			path = Resources;
			sourceTree = "<group>";
		};
		D190B28D27426F1F00705659 /* gh_images */ = {
			isa = PBXGroup;
			children = (
				D190B28E27426F1F00705659 /* wikidata_logo.png */,
			);
			path = gh_images;
			sourceTree = "<group>";
		};
		D1CCA15B2742B9F700902744 /* LanguageKeyboards */ = {
			isa = PBXGroup;
			children = (
				38BD214D22D592CA00C6795D /* German */,
				D1608666270B6D3C00134D48 /* Spanish */,
			);
			path = LanguageKeyboards;
			sourceTree = "<group>";
		};
		D1FECBC9270E1A1500C8BC60 /* Keyboards */ = {
			isa = PBXGroup;
			children = (
				D190B2452741B1FE00705659 /* KeyboardsBase */,
				D1CCA15B2742B9F700902744 /* LanguageKeyboards */,
			);
			path = Keyboards;
			sourceTree = "<group>";
		};
/* End PBXGroup section */

/* Begin PBXNativeTarget section */
		38BD212F22D5907E00C6795D /* Scribe */ = {
			isa = PBXNativeTarget;
			buildConfigurationList = 38BD214522D5908100C6795D /* Build configuration list for PBXNativeTarget "Scribe" */;
			buildPhases = (
				D103B184273C356E00B97121 /* ShellScript */,
				38BD212C22D5907E00C6795D /* Sources */,
				38BD212D22D5907E00C6795D /* Frameworks */,
				38BD212E22D5907E00C6795D /* Resources */,
				38BD215722D592CA00C6795D /* Embed App Extensions */,
			);
			buildRules = (
			);
			dependencies = (
				38BD215222D592CA00C6795D /* PBXTargetDependency */,
				D160866B270B6D3C00134D48 /* PBXTargetDependency */,
			);
			name = Scribe;
			productName = EmojiKeyboard;
			productReference = 38BD213022D5907E00C6795D /* Scribe.app */;
			productType = "com.apple.product-type.application";
		};
		38BD214B22D592CA00C6795D /* German */ = {
			isa = PBXNativeTarget;
			buildConfigurationList = 38BD215422D592CA00C6795D /* Build configuration list for PBXNativeTarget "German" */;
			buildPhases = (
				38BD214822D592CA00C6795D /* Sources */,
				38BD214922D592CA00C6795D /* Frameworks */,
				38BD214A22D592CA00C6795D /* Resources */,
			);
			buildRules = (
			);
			dependencies = (
			);
			name = German;
			productName = typEmoji;
			productReference = 38BD214C22D592CA00C6795D /* German.appex */;
			productType = "com.apple.product-type.app-extension";
		};
		D1608664270B6D3C00134D48 /* Spanish */ = {
			isa = PBXNativeTarget;
			buildConfigurationList = D160866D270B6D3C00134D48 /* Build configuration list for PBXNativeTarget "Spanish" */;
			buildPhases = (
				D1608661270B6D3C00134D48 /* Sources */,
				D1608662270B6D3C00134D48 /* Frameworks */,
				D1608663270B6D3C00134D48 /* Resources */,
			);
			buildRules = (
			);
			dependencies = (
			);
			name = Spanish;
			productName = CustomKeyboard2Extension;
			productReference = D1608665270B6D3C00134D48 /* Spanish.appex */;
			productType = "com.apple.product-type.app-extension";
		};
/* End PBXNativeTarget section */

/* Begin PBXProject section */
		38BD212822D5907E00C6795D /* Project object */ = {
			isa = PBXProject;
			attributes = {
				LastSwiftUpdateCheck = 1310;
				LastUpgradeCheck = 1300;
				ORGANIZATIONNAME = "";
				TargetAttributes = {
					38BD212F22D5907E00C6795D = {
						CreatedOnToolsVersion = 10.2.1;
					};
					38BD214B22D592CA00C6795D = {
						CreatedOnToolsVersion = 10.2.1;
					};
					D1608664270B6D3C00134D48 = {
						CreatedOnToolsVersion = 13.0;
					};
				};
			};
			buildConfigurationList = 38BD212B22D5907E00C6795D /* Build configuration list for PBXProject "Scribe" */;
			compatibilityVersion = "Xcode 9.3";
			developmentRegion = en;
			hasScannedForEncodings = 0;
			knownRegions = (
				en,
				Base,
			);
			mainGroup = 38BD212722D5907E00C6795D;
			productRefGroup = 38BD213122D5907E00C6795D /* Products */;
			projectDirPath = "";
			projectRoot = "";
			targets = (
				38BD212F22D5907E00C6795D /* Scribe */,
				38BD214B22D592CA00C6795D /* German */,
				D1608664270B6D3C00134D48 /* Spanish */,
			);
		};
/* End PBXProject section */

/* Begin PBXResourcesBuildPhase section */
		38BD212E22D5907E00C6795D /* Resources */ = {
			isa = PBXResourcesBuildPhase;
			buildActionMask = 2147483647;
			files = (
				D1EC6DA92745C029003C2C04 /* ScribeBtn.png in Resources */,
				D130AC5A27495EF6001A3B12 /* prepositionsQueried.json in Resources */,
				D130AC6E27495F22001A3B12 /* noun_plural_demo.gif in Resources */,
				D130AC7627495F22001A3B12 /* preposition_annotation_demo.gif in Resources */,
				D130AC7527495F22001A3B12 /* translation_demo.gif in Resources */,
				D130AC5B27495EF6001A3B12 /* queryPrepositions.sparql in Resources */,
				D130AC6F27495F22001A3B12 /* noun_plural_demo.mp4 in Resources */,
				D130AC5E27495EF6001A3B12 /* verbsQueried.json in Resources */,
				D130AC6027495EF6001A3B12 /* queryTranslations.sparql in Resources */,
				D130AC6127495EF6001A3B12 /* translationsQueried.json in Resources */,
				D130AC7327495F22001A3B12 /* conjugation_demo.mp4 in Resources */,
				D130AC7127495F22001A3B12 /* preposition_annotation_demo.mp4 in Resources */,
				D130AC5D27495EF6001A3B12 /* nounsQueried.json in Resources */,
				D130AC5C27495EF6001A3B12 /* queryNouns.sparql in Resources */,
				D130AC7227495F22001A3B12 /* noun_annotation_demo.mp4 in Resources */,
				38BD214122D5908100C6795D /* LaunchScreen.storyboard in Resources */,
				D130AC7727495F22001A3B12 /* noun_annotation_demo.gif in Resources */,
				38BD213E22D5908100C6795D /* Assets.xcassets in Resources */,
				D130AC5F27495EF6001A3B12 /* queryVerbs.sparql in Resources */,
				D130AC7427495F22001A3B12 /* conjugation_demo.gif in Resources */,
				38BD213922D5907F00C6795D /* AppScreen.storyboard in Resources */,
				D130AC7027495F22001A3B12 /* translation_demo.mp4 in Resources */,
			);
			runOnlyForDeploymentPostprocessing = 0;
		};
		38BD214A22D592CA00C6795D /* Resources */ = {
			isa = PBXResourcesBuildPhase;
			buildActionMask = 2147483647;
			files = (
				D1C0ACDA2719E0AA001E11C3 /* Keyboard.xib in Resources */,
				D103B183273C2A1400B97121 /* ScribeBtn.png in Resources */,
				D1018220272829E70032A82D /* verbs.json in Resources */,
				D11E3B6927299C6F00FBE62C /* translations.json in Resources */,
				D101821D2728291B0032A82D /* nouns.json in Resources */,
				D19474C42740295300AF6EA5 /* prepositions.json in Resources */,
			);
			runOnlyForDeploymentPostprocessing = 0;
		};
		D1608663270B6D3C00134D48 /* Resources */ = {
			isa = PBXResourcesBuildPhase;
			buildActionMask = 2147483647;
			files = (
				D190B2582742525C00705659 /* Keyboard.xib in Resources */,
				D190B25627424F4A00705659 /* ScribeBtn.png in Resources */,
				D10182132728275B0032A82D /* verbs.json in Resources */,
				D11E3B6B27299C8000FBE62C /* translations.json in Resources */,
				D10182122728275B0032A82D /* nouns.json in Resources */,
			);
			runOnlyForDeploymentPostprocessing = 0;
		};
/* End PBXResourcesBuildPhase section */

/* Begin PBXShellScriptBuildPhase section */
		D103B184273C356E00B97121 /* ShellScript */ = {
			isa = PBXShellScriptBuildPhase;
			buildActionMask = 2147483647;
			files = (
			);
			inputFileListPaths = (
			);
			inputPaths = (
			);
			outputFileListPaths = (
			);
			outputPaths = (
			);
			runOnlyForDeploymentPostprocessing = 0;
			shellPath = /bin/sh;
			shellScript = "PATH=/opt/homebrew/bin:$PATH\nif [ -f ~/com.raywenderlich.swiftlint.yml ]; then\n  if which swiftlint >/dev/null; then\n    swiftlint --no-cache --config ~/com.raywenderlich.swiftlint.yml\n  fi\nfi\n";
		};
/* End PBXShellScriptBuildPhase section */

/* Begin PBXSourcesBuildPhase section */
		38BD212C22D5907E00C6795D /* Sources */ = {
			isa = PBXSourcesBuildPhase;
			buildActionMask = 2147483647;
			files = (
				38BD213622D5907F00C6795D /* ViewController.swift in Sources */,
				38BD213422D5907F00C6795D /* AppDelegate.swift in Sources */,
			);
			runOnlyForDeploymentPostprocessing = 0;
		};
		38BD214822D592CA00C6795D /* Sources */ = {
			isa = PBXSourcesBuildPhase;
			buildActionMask = 2147483647;
			files = (
				38BD214F22D592CA00C6795D /* GermanKeyboardViewController.swift in Sources */,
				D190B26827426ACD00705659 /* KeyboardViewController.swift in Sources */,
				D190B242274056D400705659 /* ColorVariables.swift in Sources */,
				D190B2472741B24F00705659 /* CommandVariables.swift in Sources */,
				38DD94F122D6A40000FF8845 /* KeyboardExtensions.swift in Sources */,
				D190B24A2741B31F00705659 /* InterfaceVariables.swift in Sources */,
				D190B24E2741B61000705659 /* LoadData.swift in Sources */,
			);
			runOnlyForDeploymentPostprocessing = 0;
		};
		D1608661270B6D3C00134D48 /* Sources */ = {
			isa = PBXSourcesBuildPhase;
			buildActionMask = 2147483647;
			files = (
				D1608668270B6D3C00134D48 /* SpanishKeyboardViewController.swift in Sources */,
				D190B26927426ACD00705659 /* KeyboardViewController.swift in Sources */,
				D190B243274056D400705659 /* ColorVariables.swift in Sources */,
				D190B2482741B24F00705659 /* CommandVariables.swift in Sources */,
				D190B2442740576600705659 /* KeyboardExtensions.swift in Sources */,
				D190B24B2741B31F00705659 /* InterfaceVariables.swift in Sources */,
				D190B24F2741B61000705659 /* LoadData.swift in Sources */,
			);
			runOnlyForDeploymentPostprocessing = 0;
		};
/* End PBXSourcesBuildPhase section */

/* Begin PBXTargetDependency section */
		38BD215222D592CA00C6795D /* PBXTargetDependency */ = {
			isa = PBXTargetDependency;
			target = 38BD214B22D592CA00C6795D /* German */;
			targetProxy = 38BD215122D592CA00C6795D /* PBXContainerItemProxy */;
		};
		D160866B270B6D3C00134D48 /* PBXTargetDependency */ = {
			isa = PBXTargetDependency;
			target = D1608664270B6D3C00134D48 /* Spanish */;
			targetProxy = D160866A270B6D3C00134D48 /* PBXContainerItemProxy */;
		};
/* End PBXTargetDependency section */

/* Begin PBXVariantGroup section */
		38BD213722D5907F00C6795D /* AppScreen.storyboard */ = {
			isa = PBXVariantGroup;
			children = (
				38BD213822D5907F00C6795D /* Base */,
			);
			name = AppScreen.storyboard;
			sourceTree = "<group>";
		};
		38BD213F22D5908100C6795D /* LaunchScreen.storyboard */ = {
			isa = PBXVariantGroup;
			children = (
				38BD214022D5908100C6795D /* Base */,
			);
			name = LaunchScreen.storyboard;
			sourceTree = "<group>";
		};
/* End PBXVariantGroup section */

/* Begin XCBuildConfiguration section */
		38BD214322D5908100C6795D /* Debug */ = {
			isa = XCBuildConfiguration;
			buildSettings = {
				ALWAYS_SEARCH_USER_PATHS = NO;
				CLANG_ANALYZER_NONNULL = YES;
				CLANG_ANALYZER_NUMBER_OBJECT_CONVERSION = YES_AGGRESSIVE;
				CLANG_CXX_LANGUAGE_STANDARD = "gnu++14";
				CLANG_CXX_LIBRARY = "libc++";
				CLANG_ENABLE_MODULES = YES;
				CLANG_ENABLE_OBJC_ARC = YES;
				CLANG_ENABLE_OBJC_WEAK = YES;
				CLANG_WARN_BLOCK_CAPTURE_AUTORELEASING = YES;
				CLANG_WARN_BOOL_CONVERSION = YES;
				CLANG_WARN_COMMA = YES;
				CLANG_WARN_CONSTANT_CONVERSION = YES;
				CLANG_WARN_DEPRECATED_OBJC_IMPLEMENTATIONS = YES;
				CLANG_WARN_DIRECT_OBJC_ISA_USAGE = YES_ERROR;
				CLANG_WARN_DOCUMENTATION_COMMENTS = YES;
				CLANG_WARN_EMPTY_BODY = YES;
				CLANG_WARN_ENUM_CONVERSION = YES;
				CLANG_WARN_INFINITE_RECURSION = YES;
				CLANG_WARN_INT_CONVERSION = YES;
				CLANG_WARN_NON_LITERAL_NULL_CONVERSION = YES;
				CLANG_WARN_OBJC_IMPLICIT_RETAIN_SELF = YES;
				CLANG_WARN_OBJC_LITERAL_CONVERSION = YES;
				CLANG_WARN_OBJC_ROOT_CLASS = YES_ERROR;
				CLANG_WARN_QUOTED_INCLUDE_IN_FRAMEWORK_HEADER = YES;
				CLANG_WARN_RANGE_LOOP_ANALYSIS = YES;
				CLANG_WARN_STRICT_PROTOTYPES = YES;
				CLANG_WARN_SUSPICIOUS_MOVE = YES;
				CLANG_WARN_UNGUARDED_AVAILABILITY = YES_AGGRESSIVE;
				CLANG_WARN_UNREACHABLE_CODE = YES;
				CLANG_WARN__DUPLICATE_METHOD_MATCH = YES;
				CODE_SIGN_IDENTITY = "iPhone Developer";
				COPY_PHASE_STRIP = NO;
				DEBUG_INFORMATION_FORMAT = dwarf;
				ENABLE_STRICT_OBJC_MSGSEND = YES;
				ENABLE_TESTABILITY = YES;
				GCC_C_LANGUAGE_STANDARD = gnu11;
				GCC_DYNAMIC_NO_PIC = NO;
				GCC_NO_COMMON_BLOCKS = YES;
				GCC_OPTIMIZATION_LEVEL = 0;
				GCC_PREPROCESSOR_DEFINITIONS = (
					"DEBUG=1",
					"$(inherited)",
				);
				GCC_WARN_64_TO_32_BIT_CONVERSION = YES;
				GCC_WARN_ABOUT_RETURN_TYPE = YES_ERROR;
				GCC_WARN_UNDECLARED_SELECTOR = YES;
				GCC_WARN_UNINITIALIZED_AUTOS = YES_AGGRESSIVE;
				GCC_WARN_UNUSED_FUNCTION = YES;
				GCC_WARN_UNUSED_VARIABLE = YES;
				IPHONEOS_DEPLOYMENT_TARGET = 13.0;
				MTL_ENABLE_DEBUG_INFO = INCLUDE_SOURCE;
				MTL_FAST_MATH = YES;
				ONLY_ACTIVE_ARCH = YES;
				SDKROOT = iphoneos;
				SWIFT_ACTIVE_COMPILATION_CONDITIONS = DEBUG;
				SWIFT_OPTIMIZATION_LEVEL = "-Onone";
			};
			name = Debug;
		};
		38BD214422D5908100C6795D /* Release */ = {
			isa = XCBuildConfiguration;
			buildSettings = {
				ALWAYS_SEARCH_USER_PATHS = NO;
				CLANG_ANALYZER_NONNULL = YES;
				CLANG_ANALYZER_NUMBER_OBJECT_CONVERSION = YES_AGGRESSIVE;
				CLANG_CXX_LANGUAGE_STANDARD = "gnu++14";
				CLANG_CXX_LIBRARY = "libc++";
				CLANG_ENABLE_MODULES = YES;
				CLANG_ENABLE_OBJC_ARC = YES;
				CLANG_ENABLE_OBJC_WEAK = YES;
				CLANG_WARN_BLOCK_CAPTURE_AUTORELEASING = YES;
				CLANG_WARN_BOOL_CONVERSION = YES;
				CLANG_WARN_COMMA = YES;
				CLANG_WARN_CONSTANT_CONVERSION = YES;
				CLANG_WARN_DEPRECATED_OBJC_IMPLEMENTATIONS = YES;
				CLANG_WARN_DIRECT_OBJC_ISA_USAGE = YES_ERROR;
				CLANG_WARN_DOCUMENTATION_COMMENTS = YES;
				CLANG_WARN_EMPTY_BODY = YES;
				CLANG_WARN_ENUM_CONVERSION = YES;
				CLANG_WARN_INFINITE_RECURSION = YES;
				CLANG_WARN_INT_CONVERSION = YES;
				CLANG_WARN_NON_LITERAL_NULL_CONVERSION = YES;
				CLANG_WARN_OBJC_IMPLICIT_RETAIN_SELF = YES;
				CLANG_WARN_OBJC_LITERAL_CONVERSION = YES;
				CLANG_WARN_OBJC_ROOT_CLASS = YES_ERROR;
				CLANG_WARN_QUOTED_INCLUDE_IN_FRAMEWORK_HEADER = YES;
				CLANG_WARN_RANGE_LOOP_ANALYSIS = YES;
				CLANG_WARN_STRICT_PROTOTYPES = YES;
				CLANG_WARN_SUSPICIOUS_MOVE = YES;
				CLANG_WARN_UNGUARDED_AVAILABILITY = YES_AGGRESSIVE;
				CLANG_WARN_UNREACHABLE_CODE = YES;
				CLANG_WARN__DUPLICATE_METHOD_MATCH = YES;
				CODE_SIGN_IDENTITY = "iPhone Developer";
				COPY_PHASE_STRIP = NO;
				DEBUG_INFORMATION_FORMAT = "dwarf-with-dsym";
				ENABLE_NS_ASSERTIONS = NO;
				ENABLE_STRICT_OBJC_MSGSEND = YES;
				GCC_C_LANGUAGE_STANDARD = gnu11;
				GCC_NO_COMMON_BLOCKS = YES;
				GCC_WARN_64_TO_32_BIT_CONVERSION = YES;
				GCC_WARN_ABOUT_RETURN_TYPE = YES_ERROR;
				GCC_WARN_UNDECLARED_SELECTOR = YES;
				GCC_WARN_UNINITIALIZED_AUTOS = YES_AGGRESSIVE;
				GCC_WARN_UNUSED_FUNCTION = YES;
				GCC_WARN_UNUSED_VARIABLE = YES;
				IPHONEOS_DEPLOYMENT_TARGET = 13.0;
				MTL_ENABLE_DEBUG_INFO = NO;
				MTL_FAST_MATH = YES;
				SDKROOT = iphoneos;
				SWIFT_COMPILATION_MODE = wholemodule;
				SWIFT_OPTIMIZATION_LEVEL = "-O";
				VALIDATE_PRODUCT = YES;
			};
			name = Release;
		};
		38BD214622D5908100C6795D /* Debug */ = {
			isa = XCBuildConfiguration;
			buildSettings = {
				ALWAYS_EMBED_SWIFT_STANDARD_LIBRARIES = YES;
				ASSETCATALOG_COMPILER_APPICON_NAME = AppIcon;
				CODE_SIGN_STYLE = Automatic;
				DEVELOPMENT_TEAM = ATJ9U3WZ27;
				INFOPLIST_FILE = "$(SRCROOT)/Scribe/Info.plist";
				IPHONEOS_DEPLOYMENT_TARGET = 13.0;
				LD_RUNPATH_SEARCH_PATHS = (
					"$(inherited)",
					"@executable_path/Frameworks",
				);
				PRODUCT_BUNDLE_IDENTIFIER = Scribe;
				PRODUCT_NAME = "$(TARGET_NAME)";
				SWIFT_VERSION = 5.0;
				TARGETED_DEVICE_FAMILY = "1,2";
			};
			name = Debug;
		};
		38BD214722D5908100C6795D /* Release */ = {
			isa = XCBuildConfiguration;
			buildSettings = {
				ALWAYS_EMBED_SWIFT_STANDARD_LIBRARIES = YES;
				ASSETCATALOG_COMPILER_APPICON_NAME = AppIcon;
				CODE_SIGN_STYLE = Automatic;
				DEVELOPMENT_TEAM = ATJ9U3WZ27;
				INFOPLIST_FILE = "$(SRCROOT)/Scribe/Info.plist";
				IPHONEOS_DEPLOYMENT_TARGET = 13.0;
				LD_RUNPATH_SEARCH_PATHS = (
					"$(inherited)",
					"@executable_path/Frameworks",
				);
				PRODUCT_BUNDLE_IDENTIFIER = Scribe;
				PRODUCT_NAME = "$(TARGET_NAME)";
				SWIFT_VERSION = 5.0;
				TARGETED_DEVICE_FAMILY = "1,2";
			};
			name = Release;
		};
		38BD215522D592CA00C6795D /* Debug */ = {
			isa = XCBuildConfiguration;
			buildSettings = {
				CODE_SIGN_STYLE = Automatic;
				CURRENT_PROJECT_VERSION = 1;
				DEVELOPMENT_TEAM = ATJ9U3WZ27;
				INFOPLIST_FILE = "$(SRCROOT)/Keyboards/LanguageKeyboards/German/Info.plist";
				INFOPLIST_KEY_CFBundleDisplayName = "Deutsch (Scribe)";
				IPHONEOS_DEPLOYMENT_TARGET = 13.0;
				LD_RUNPATH_SEARCH_PATHS = (
					"$(inherited)",
					"@executable_path/Frameworks",
					"@executable_path/../../Frameworks",
				);
				MARKETING_VERSION = 1.0;
				PRODUCT_BUNDLE_IDENTIFIER = Scribe.Keyboards.German;
				PRODUCT_NAME = "$(TARGET_NAME)";
				SKIP_INSTALL = YES;
				SWIFT_VERSION = 5.0;
				TARGETED_DEVICE_FAMILY = "1,2";
			};
			name = Debug;
		};
		38BD215622D592CA00C6795D /* Release */ = {
			isa = XCBuildConfiguration;
			buildSettings = {
				CODE_SIGN_STYLE = Automatic;
				CURRENT_PROJECT_VERSION = 1;
				DEVELOPMENT_TEAM = ATJ9U3WZ27;
				INFOPLIST_FILE = "$(SRCROOT)/Keyboards/LanguageKeyboards/German/Info.plist";
				INFOPLIST_KEY_CFBundleDisplayName = "Deutsch (Scribe)";
				IPHONEOS_DEPLOYMENT_TARGET = 13.0;
				LD_RUNPATH_SEARCH_PATHS = (
					"$(inherited)",
					"@executable_path/Frameworks",
					"@executable_path/../../Frameworks",
				);
				MARKETING_VERSION = 1.0;
				PRODUCT_BUNDLE_IDENTIFIER = Scribe.Keyboards.German;
				PRODUCT_NAME = "$(TARGET_NAME)";
				SKIP_INSTALL = YES;
				SWIFT_VERSION = 5.0;
				TARGETED_DEVICE_FAMILY = "1,2";
			};
			name = Release;
		};
		D160866E270B6D3C00134D48 /* Debug */ = {
			isa = XCBuildConfiguration;
			buildSettings = {
				CODE_SIGN_STYLE = Automatic;
				CURRENT_PROJECT_VERSION = 1;
				DEVELOPMENT_TEAM = ATJ9U3WZ27;
				INFOPLIST_FILE = "$(SRCROOT)/Keyboards/LanguageKeyboards/Spanish/Info.plist";
				INFOPLIST_KEY_CFBundleDisplayName = "Español (Scribe)";
				IPHONEOS_DEPLOYMENT_TARGET = 13.0;
				LD_RUNPATH_SEARCH_PATHS = (
					"$(inherited)",
					"@executable_path/Frameworks",
					"@executable_path/../../Frameworks",
				);
				MARKETING_VERSION = 1.0;
				PRODUCT_BUNDLE_IDENTIFIER = Scribe.Keyboards.Spanish;
				PRODUCT_NAME = "$(TARGET_NAME)";
				SKIP_INSTALL = YES;
				SWIFT_VERSION = 5.0;
				TARGETED_DEVICE_FAMILY = "1,2";
			};
			name = Debug;
		};
		D160866F270B6D3C00134D48 /* Release */ = {
			isa = XCBuildConfiguration;
			buildSettings = {
				CODE_SIGN_STYLE = Automatic;
				CURRENT_PROJECT_VERSION = 1;
				DEVELOPMENT_TEAM = ATJ9U3WZ27;
				INFOPLIST_FILE = "$(SRCROOT)/Keyboards/LanguageKeyboards/Spanish/Info.plist";
				INFOPLIST_KEY_CFBundleDisplayName = "Español (Scribe)";
				IPHONEOS_DEPLOYMENT_TARGET = 13.0;
				LD_RUNPATH_SEARCH_PATHS = (
					"$(inherited)",
					"@executable_path/Frameworks",
					"@executable_path/../../Frameworks",
				);
				MARKETING_VERSION = 1.0;
				PRODUCT_BUNDLE_IDENTIFIER = Scribe.Keyboards.Spanish;
				PRODUCT_NAME = "$(TARGET_NAME)";
				SKIP_INSTALL = YES;
				SWIFT_VERSION = 5.0;
				TARGETED_DEVICE_FAMILY = "1,2";
			};
			name = Release;
		};
/* End XCBuildConfiguration section */

/* Begin XCConfigurationList section */
		38BD212B22D5907E00C6795D /* Build configuration list for PBXProject "Scribe" */ = {
			isa = XCConfigurationList;
			buildConfigurations = (
				38BD214322D5908100C6795D /* Debug */,
				38BD214422D5908100C6795D /* Release */,
			);
			defaultConfigurationIsVisible = 0;
			defaultConfigurationName = Release;
		};
		38BD214522D5908100C6795D /* Build configuration list for PBXNativeTarget "Scribe" */ = {
			isa = XCConfigurationList;
			buildConfigurations = (
				38BD214622D5908100C6795D /* Debug */,
				38BD214722D5908100C6795D /* Release */,
			);
			defaultConfigurationIsVisible = 0;
			defaultConfigurationName = Release;
		};
		38BD215422D592CA00C6795D /* Build configuration list for PBXNativeTarget "German" */ = {
			isa = XCConfigurationList;
			buildConfigurations = (
				38BD215522D592CA00C6795D /* Debug */,
				38BD215622D592CA00C6795D /* Release */,
			);
			defaultConfigurationIsVisible = 0;
			defaultConfigurationName = Release;
		};
		D160866D270B6D3C00134D48 /* Build configuration list for PBXNativeTarget "Spanish" */ = {
			isa = XCConfigurationList;
			buildConfigurations = (
				D160866E270B6D3C00134D48 /* Debug */,
				D160866F270B6D3C00134D48 /* Release */,
			);
			defaultConfigurationIsVisible = 0;
			defaultConfigurationName = Release;
		};
/* End XCConfigurationList section */
	};
	rootObject = 38BD212822D5907E00C6795D /* Project object */;
}
